
Microsoft Visual Studio Solution File, Format Version 12.00
# Visual Studio Version 17
VisualStudioVersion = 17.11.35312.102
MinimumVisualStudioVersion = 10.0.40219.1
Project("{2150E333-8FDC-42A3-9474-1A3956D46DE8}") = "Backend", "Backend", "{3CD5EBB0-F8D3-4ABB-B33E-102DAC0C3F16}"
EndProject
Project("{9A19103F-16F7-4668-BE54-9A1E7A4F7556}") = "svitlaChallenge.API", "svitlaChallenge.API\svitlaChallenge.API.csproj", "{87E0A52E-9725-4C69-B057-BB5C10D359C6}"
EndProject
Project("{9A19103F-16F7-4668-BE54-9A1E7A4F7556}") = "svitlaChallenge.Application", "svitlaChallenge.Application\svitlaChallenge.Application.csproj", "{51719F29-CCC8-4696-A6A1-4EF28CA4326A}"
EndProject
Project("{9A19103F-16F7-4668-BE54-9A1E7A4F7556}") = "svitlaChallenge.Domain", "svitlaChallenge.Domain\svitlaChallenge.Domain.csproj", "{B902A081-497E-4D60-9AFD-B5EF68B8058E}"
EndProject
Project("{9A19103F-16F7-4668-BE54-9A1E7A4F7556}") = "svitlaChallenge.Infrastructure", "svitlaChallenge.Infrastructure\svitlaChallenge.Infrastructure.csproj", "{D98A4CB6-C48A-4C84-B796-5FDCE5648C62}"
EndProject
Project("{FAE04EC0-301F-11D3-BF4B-00C04F79EFBC}") = "svitlaChallenge.Tests", "svitlaChallenge.Tests\svitlaChallenge.Tests.csproj", "{D2B61A7F-FEE3-44F8-99DF-AE25A60FE223}"
EndProject
Project("{FAE04EC0-301F-11D3-BF4B-00C04F79EFBC}") = "svitlaChallenge.IntegrationTests", "svitlaChallenge.IntegrationTests\svitlaChallenge.IntegrationTests.csproj", "{F7E23A9C-8D50-4C0E-8632-392CA2D5E9BD}"
EndProject
Global
	GlobalSection(SolutionConfigurationPlatforms) = preSolution
		Debug|Any CPU = Debug|Any CPU
		Release|Any CPU = Release|Any CPU
	EndGlobalSection
	GlobalSection(ProjectConfigurationPlatforms) = postSolution
		{87E0A52E-9725-4C69-B057-BB5C10D359C6}.Debug|Any CPU.ActiveCfg = Debug|Any CPU
		{87E0A52E-9725-4C69-B057-BB5C10D359C6}.Debug|Any CPU.Build.0 = Debug|Any CPU
		{87E0A52E-9725-4C69-B057-BB5C10D359C6}.Release|Any CPU.ActiveCfg = Release|Any CPU
		{87E0A52E-9725-4C69-B057-BB5C10D359C6}.Release|Any CPU.Build.0 = Release|Any CPU
		{51719F29-CCC8-4696-A6A1-4EF28CA4326A}.Debug|Any CPU.ActiveCfg = Debug|Any CPU
		{51719F29-CCC8-4696-A6A1-4EF28CA4326A}.Debug|Any CPU.Build.0 = Debug|Any CPU
		{51719F29-CCC8-4696-A6A1-4EF28CA4326A}.Release|Any CPU.ActiveCfg = Release|Any CPU
		{51719F29-CCC8-4696-A6A1-4EF28CA4326A}.Release|Any CPU.Build.0 = Release|Any CPU
		{B902A081-497E-4D60-9AFD-B5EF68B8058E}.Debug|Any CPU.ActiveCfg = Debug|Any CPU
		{B902A081-497E-4D60-9AFD-B5EF68B8058E}.Debug|Any CPU.Build.0 = Debug|Any CPU
		{B902A081-497E-4D60-9AFD-B5EF68B8058E}.Release|Any CPU.ActiveCfg = Release|Any CPU
		{B902A081-497E-4D60-9AFD-B5EF68B8058E}.Release|Any CPU.Build.0 = Release|Any CPU
		{D98A4CB6-C48A-4C84-B796-5FDCE5648C62}.Debug|Any CPU.ActiveCfg = Debug|Any CPU
		{D98A4CB6-C48A-4C84-B796-5FDCE5648C62}.Debug|Any CPU.Build.0 = Debug|Any CPU
		{D98A4CB6-C48A-4C84-B796-5FDCE5648C62}.Release|Any CPU.ActiveCfg = Release|Any CPU
		{D98A4CB6-C48A-4C84-B796-5FDCE5648C62}.Release|Any CPU.Build.0 = Release|Any CPU
		{D2B61A7F-FEE3-44F8-99DF-AE25A60FE223}.Debug|Any CPU.ActiveCfg = Debug|Any CPU
		{D2B61A7F-FEE3-44F8-99DF-AE25A60FE223}.Debug|Any CPU.Build.0 = Debug|Any CPU
		{D2B61A7F-FEE3-44F8-99DF-AE25A60FE223}.Release|Any CPU.ActiveCfg = Release|Any CPU
		{D2B61A7F-FEE3-44F8-99DF-AE25A60FE223}.Release|Any CPU.Build.0 = Release|Any CPU
		{F7E23A9C-8D50-4C0E-8632-392CA2D5E9BD}.Debug|Any CPU.ActiveCfg = Debug|Any CPU
		{F7E23A9C-8D50-4C0E-8632-392CA2D5E9BD}.Debug|Any CPU.Build.0 = Debug|Any CPU
		{F7E23A9C-8D50-4C0E-8632-392CA2D5E9BD}.Release|Any CPU.ActiveCfg = Release|Any CPU
		{F7E23A9C-8D50-4C0E-8632-392CA2D5E9BD}.Release|Any CPU.Build.0 = Release|Any CPU
	EndGlobalSection
	GlobalSection(SolutionProperties) = preSolution
		HideSolutionNode = FALSE
	EndGlobalSection
	GlobalSection(NestedProjects) = preSolution
		{87E0A52E-9725-4C69-B057-BB5C10D359C6} = {3CD5EBB0-F8D3-4ABB-B33E-102DAC0C3F16}
		{51719F29-CCC8-4696-A6A1-4EF28CA4326A} = {3CD5EBB0-F8D3-4ABB-B33E-102DAC0C3F16}
		{B902A081-497E-4D60-9AFD-B5EF68B8058E} = {3CD5EBB0-F8D3-4ABB-B33E-102DAC0C3F16}
		{D98A4CB6-C48A-4C84-B796-5FDCE5648C62} = {3CD5EBB0-F8D3-4ABB-B33E-102DAC0C3F16}
		{D2B61A7F-FEE3-44F8-99DF-AE25A60FE223} = {3CD5EBB0-F8D3-4ABB-B33E-102DAC0C3F16}
		{F7E23A9C-8D50-4C0E-8632-392CA2D5E9BD} = {3CD5EBB0-F8D3-4ABB-B33E-102DAC0C3F16}
	EndGlobalSection
	GlobalSection(ExtensibilityGlobals) = postSolution
		SolutionGuid = {98B75541-CCD8-4E13-B49C-351A99D5C9AE}
	EndGlobalSection
EndGlobal
